
Microsoft Visual Studio Solution File, Format Version 12.00
# Visual Studio Version 17
VisualStudioVersion = 17.1.32210.238
MinimumVisualStudioVersion = 10.0.40219.1
Project("{FAE04EC0-301F-11D3-BF4B-00C04F79EFBC}") = "Abstract", "Abstract\Abstract.csproj", "{4DBD3C64-B8B6-4AE3-B0ED-6391BCC7619B}"
EndProject
Global
	GlobalSection(SolutionConfigurationPlatforms) = preSolution
		Debug|Any CPU = Debug|Any CPU
		Release|Any CPU = Release|Any CPU
	EndGlobalSection
	GlobalSection(ProjectConfigurationPlatforms) = postSolution
		{4DBD3C64-B8B6-4AE3-B0ED-6391BCC7619B}.Debug|Any CPU.ActiveCfg = Debug|Any CPU
		{4DBD3C64-B8B6-4AE3-B0ED-6391BCC7619B}.Debug|Any CPU.Build.0 = Debug|Any CPU
		{4DBD3C64-B8B6-4AE3-B0ED-6391BCC7619B}.Release|Any CPU.ActiveCfg = Release|Any CPU
		{4DBD3C64-B8B6-4AE3-B0ED-6391BCC7619B}.Release|Any CPU.Build.0 = Release|Any CPU
	EndGlobalSection
	GlobalSection(SolutionProperties) = preSolution
		HideSolutionNode = FALSE
	EndGlobalSection
	GlobalSection(ExtensibilityGlobals) = postSolution
		SolutionGuid = {621DA03A-3251-4A30-AB28-2D986B7A5653}
	EndGlobalSection
EndGlobal
